{
  "requires": true,
  "lockfileVersion": 1,
  "dependencies": {
    "@sweetalert2/theme-borderless": {
      "version": "4.0.0",
      "resolved": "https://registry.npmjs.org/@sweetalert2/theme-borderless/-/theme-borderless-4.0.0.tgz",
      "integrity": "sha512-7ayiw2A5f1x0yarsuOT9EbIEEgB1xOf2bs9765dAblsAcF37t+gbI3zG5P5Tb/H1cJCxZTsotpZzI1tJynel6A=="
    },
    "@sweetalert2/theme-dark": {
      "version": "4.0.0",
      "resolved": "https://registry.npmjs.org/@sweetalert2/theme-dark/-/theme-dark-4.0.0.tgz",
      "integrity": "sha512-XwdZE0JBGW2oHaX8llAsH/PY1/z3vvy6y2T8ogyXMnS4tSYAxtfYs1ClarDjiNVCFWsV/oVTExkaibn3fC3ZkQ=="
    },
    "@sweetalert2/theme-wordpress-admin": {
      "version": "4.0.0",
      "resolved": "https://registry.npmjs.org/@sweetalert2/theme-wordpress-admin/-/theme-wordpress-admin-4.0.0.tgz",
      "integrity": "sha512-jhd3KuClBA4wy7c1jFKgtLfa6z5OHRkWZjXq2TeWunQMv+qY+yxvY6faSVVed4SPLa8Kp6ecnmuauL+h+icqtw=="
    },
    "sweetalert2": {
      "version": "10.3.5",
      "resolved": "https://registry.npmjs.org/sweetalert2/-/sweetalert2-10.3.5.tgz",
      "integrity": "sha512-8XBQvW2frWVn0Xs80qyraRXcb3Mg/aKG+9sdVPlzViDIYJfLhMeda3pRuyGzyvrPXbBQ3KRjs+66xKH3kz8/og=="
    }
  }
}
